
Microsoft Visual Studio Solution File, Format Version 12.00
# Visual Studio 15
VisualStudioVersion = 15.0.28010.2050
MinimumVisualStudioVersion = 10.0.40219.1
Project("{FAE04EC0-301F-11D3-BF4B-00C04F79EFBC}") = "Software_Company", "Software_Company\Software_Company.csproj", "{5E3E59C6-D8B7-479D-B4E1-439072FD0FDE}"
EndProject
Global
	GlobalSection(SolutionConfigurationPlatforms) = preSolution
		Debug|Any CPU = Debug|Any CPU
		Release|Any CPU = Release|Any CPU
	EndGlobalSection
	GlobalSection(ProjectConfigurationPlatforms) = postSolution
		{5E3E59C6-D8B7-479D-B4E1-439072FD0FDE}.Debug|Any CPU.ActiveCfg = Debug|Any CPU
		{5E3E59C6-D8B7-479D-B4E1-439072FD0FDE}.Debug|Any CPU.Build.0 = Debug|Any CPU
		{5E3E59C6-D8B7-479D-B4E1-439072FD0FDE}.Release|Any CPU.ActiveCfg = Release|Any CPU
		{5E3E59C6-D8B7-479D-B4E1-439072FD0FDE}.Release|Any CPU.Build.0 = Release|Any CPU
	EndGlobalSection
	GlobalSection(SolutionProperties) = preSolution
		HideSolutionNode = FALSE
	EndGlobalSection
	GlobalSection(ExtensibilityGlobals) = postSolution
		SolutionGuid = {35FD5CD2-BB9C-402F-B29D-3D61138CDCCC}
	EndGlobalSection
EndGlobal
