
Microsoft Visual Studio Solution File, Format Version 12.00
# Visual Studio 15
VisualStudioVersion = 15.0.28010.2036
MinimumVisualStudioVersion = 10.0.40219.1
Project("{FAE04EC0-301F-11D3-BF4B-00C04F79EFBC}") = "QueueRealLifeProject", "QueueRealLifeProject\QueueRealLifeProject.csproj", "{20844976-8679-4970-9466-4A94728F2ADF}"
EndProject
Global
	GlobalSection(SolutionConfigurationPlatforms) = preSolution
		Debug|Any CPU = Debug|Any CPU
		Release|Any CPU = Release|Any CPU
	EndGlobalSection
	GlobalSection(ProjectConfigurationPlatforms) = postSolution
		{20844976-8679-4970-9466-4A94728F2ADF}.Debug|Any CPU.ActiveCfg = Debug|Any CPU
		{20844976-8679-4970-9466-4A94728F2ADF}.Debug|Any CPU.Build.0 = Debug|Any CPU
		{20844976-8679-4970-9466-4A94728F2ADF}.Release|Any CPU.ActiveCfg = Release|Any CPU
		{20844976-8679-4970-9466-4A94728F2ADF}.Release|Any CPU.Build.0 = Release|Any CPU
	EndGlobalSection
	GlobalSection(SolutionProperties) = preSolution
		HideSolutionNode = FALSE
	EndGlobalSection
	GlobalSection(ExtensibilityGlobals) = postSolution
		SolutionGuid = {B8DE955D-1DF8-43AE-86E1-6610AB405B5D}
	EndGlobalSection
EndGlobal
