
Microsoft Visual Studio Solution File, Format Version 12.00
# Visual Studio Version 16
VisualStudioVersion = 16.0.29519.87
MinimumVisualStudioVersion = 10.0.40219.1
Project("{FAE04EC0-301F-11D3-BF4B-00C04F79EFBC}") = "SignalR_SqlDependency", "SignalR_SqlDependency\SignalR_SqlDependency.csproj", "{776816B9-05F6-4C2C-AF65-BF1CBC6C2958}"
EndProject
Global
	GlobalSection(SolutionConfigurationPlatforms) = preSolution
		Debug|Any CPU = Debug|Any CPU
		Release|Any CPU = Release|Any CPU
	EndGlobalSection
	GlobalSection(ProjectConfigurationPlatforms) = postSolution
		{776816B9-05F6-4C2C-AF65-BF1CBC6C2958}.Debug|Any CPU.ActiveCfg = Debug|Any CPU
		{776816B9-05F6-4C2C-AF65-BF1CBC6C2958}.Debug|Any CPU.Build.0 = Debug|Any CPU
		{776816B9-05F6-4C2C-AF65-BF1CBC6C2958}.Release|Any CPU.ActiveCfg = Release|Any CPU
		{776816B9-05F6-4C2C-AF65-BF1CBC6C2958}.Release|Any CPU.Build.0 = Release|Any CPU
	EndGlobalSection
	GlobalSection(SolutionProperties) = preSolution
		HideSolutionNode = FALSE
	EndGlobalSection
	GlobalSection(ExtensibilityGlobals) = postSolution
		SolutionGuid = {77E19CA4-E92A-4F09-ADDE-5EABD88592DF}
	EndGlobalSection
EndGlobal
