
Microsoft Visual Studio Solution File, Format Version 12.00
# Visual Studio Version 16
VisualStudioVersion = 16.0.29519.87
MinimumVisualStudioVersion = 10.0.40219.1
Project("{FAE04EC0-301F-11D3-BF4B-00C04F79EFBC}") = "KeenThemes_Demo_Layout", "KeenThemes_Demo_Layout\KeenThemes_Demo_Layout.csproj", "{0E92A967-842F-4CB2-B23F-A6BCC9A3CD33}"
EndProject
Global
	GlobalSection(SolutionConfigurationPlatforms) = preSolution
		Debug|Any CPU = Debug|Any CPU
		Release|Any CPU = Release|Any CPU
	EndGlobalSection
	GlobalSection(ProjectConfigurationPlatforms) = postSolution
		{0E92A967-842F-4CB2-B23F-A6BCC9A3CD33}.Debug|Any CPU.ActiveCfg = Debug|Any CPU
		{0E92A967-842F-4CB2-B23F-A6BCC9A3CD33}.Debug|Any CPU.Build.0 = Debug|Any CPU
		{0E92A967-842F-4CB2-B23F-A6BCC9A3CD33}.Release|Any CPU.ActiveCfg = Release|Any CPU
		{0E92A967-842F-4CB2-B23F-A6BCC9A3CD33}.Release|Any CPU.Build.0 = Release|Any CPU
	EndGlobalSection
	GlobalSection(SolutionProperties) = preSolution
		HideSolutionNode = FALSE
	EndGlobalSection
	GlobalSection(ExtensibilityGlobals) = postSolution
		SolutionGuid = {2AB07CD6-6D4A-4F00-A74B-FF6F1A2C3596}
	EndGlobalSection
EndGlobal
