
Microsoft Visual Studio Solution File, Format Version 12.00
# Visual Studio 15
VisualStudioVersion = 15.0.28010.2036
MinimumVisualStudioVersion = 10.0.40219.1
Project("{FAE04EC0-301F-11D3-BF4B-00C04F79EFBC}") = "MVC_Tutorial_10", "MVC_Tutorial_10\MVC_Tutorial_10.csproj", "{6F4A5BD4-CEEE-41AD-BC3B-0A93A598AB68}"
EndProject
Global
	GlobalSection(SolutionConfigurationPlatforms) = preSolution
		Debug|Any CPU = Debug|Any CPU
		Release|Any CPU = Release|Any CPU
	EndGlobalSection
	GlobalSection(ProjectConfigurationPlatforms) = postSolution
		{6F4A5BD4-CEEE-41AD-BC3B-0A93A598AB68}.Debug|Any CPU.ActiveCfg = Debug|Any CPU
		{6F4A5BD4-CEEE-41AD-BC3B-0A93A598AB68}.Debug|Any CPU.Build.0 = Debug|Any CPU
		{6F4A5BD4-CEEE-41AD-BC3B-0A93A598AB68}.Release|Any CPU.ActiveCfg = Release|Any CPU
		{6F4A5BD4-CEEE-41AD-BC3B-0A93A598AB68}.Release|Any CPU.Build.0 = Release|Any CPU
	EndGlobalSection
	GlobalSection(SolutionProperties) = preSolution
		HideSolutionNode = FALSE
	EndGlobalSection
	GlobalSection(ExtensibilityGlobals) = postSolution
		SolutionGuid = {C4C89803-4EF6-478D-87B6-8FB44251D06C}
	EndGlobalSection
EndGlobal
