
Microsoft Visual Studio Solution File, Format Version 12.00
# Visual Studio 15
VisualStudioVersion = 15.0.28307.852
MinimumVisualStudioVersion = 10.0.40219.1
Project("{FAE04EC0-301F-11D3-BF4B-00C04F79EFBC}") = "LoginPageDesign", "LoginPageDesign\LoginPageDesign.csproj", "{2B5AD0A0-B12F-4492-B018-3B84CB21EAB6}"
EndProject
Global
	GlobalSection(SolutionConfigurationPlatforms) = preSolution
		Debug|Any CPU = Debug|Any CPU
		Release|Any CPU = Release|Any CPU
	EndGlobalSection
	GlobalSection(ProjectConfigurationPlatforms) = postSolution
		{2B5AD0A0-B12F-4492-B018-3B84CB21EAB6}.Debug|Any CPU.ActiveCfg = Debug|Any CPU
		{2B5AD0A0-B12F-4492-B018-3B84CB21EAB6}.Debug|Any CPU.Build.0 = Debug|Any CPU
		{2B5AD0A0-B12F-4492-B018-3B84CB21EAB6}.Release|Any CPU.ActiveCfg = Release|Any CPU
		{2B5AD0A0-B12F-4492-B018-3B84CB21EAB6}.Release|Any CPU.Build.0 = Release|Any CPU
	EndGlobalSection
	GlobalSection(SolutionProperties) = preSolution
		HideSolutionNode = FALSE
	EndGlobalSection
	GlobalSection(ExtensibilityGlobals) = postSolution
		SolutionGuid = {26572A0A-BF81-4D65-9327-64CFD96C2A4E}
	EndGlobalSection
EndGlobal
