
Microsoft Visual Studio Solution File, Format Version 12.00
# Visual Studio Version 16
VisualStudioVersion = 16.0.31112.23
MinimumVisualStudioVersion = 10.0.40219.1
Project("{9092AA53-FB77-4645-B42D-1CCCA6BD08BD}") = "TypeScript_Practice", "TypeScript_Practice\TypeScript_Practice.njsproj", "{C9E13B3D-4674-48A4-8ACF-6B5F776904F7}"
EndProject
Global
	GlobalSection(SolutionConfigurationPlatforms) = preSolution
		Debug|Any CPU = Debug|Any CPU
		Release|Any CPU = Release|Any CPU
	EndGlobalSection
	GlobalSection(ProjectConfigurationPlatforms) = postSolution
		{C9E13B3D-4674-48A4-8ACF-6B5F776904F7}.Debug|Any CPU.ActiveCfg = Debug|Any CPU
		{C9E13B3D-4674-48A4-8ACF-6B5F776904F7}.Debug|Any CPU.Build.0 = Debug|Any CPU
		{C9E13B3D-4674-48A4-8ACF-6B5F776904F7}.Release|Any CPU.ActiveCfg = Release|Any CPU
		{C9E13B3D-4674-48A4-8ACF-6B5F776904F7}.Release|Any CPU.Build.0 = Release|Any CPU
	EndGlobalSection
	GlobalSection(SolutionProperties) = preSolution
		HideSolutionNode = FALSE
	EndGlobalSection
	GlobalSection(ExtensibilityGlobals) = postSolution
		SolutionGuid = {F8C976D5-EB84-455E-A386-C00C1A4F9C23}
	EndGlobalSection
EndGlobal
