
Microsoft Visual Studio Solution File, Format Version 12.00
# Visual Studio 15
VisualStudioVersion = 15.0.27703.2035
MinimumVisualStudioVersion = 10.0.40219.1
Project("{2150E333-8FDC-42A3-9474-1A3956D46DE8}") = "Client", "Client", "{B7BDDF07-C908-4D08-A8DB-CC7AC745F694}"
EndProject
Project("{2150E333-8FDC-42A3-9474-1A3956D46DE8}") = "Server", "Server", "{0D792EF8-F934-4566-BC07-9AE8E9980FCC}"
EndProject
Project("{2150E333-8FDC-42A3-9474-1A3956D46DE8}") = "Deployment", "Deployment", "{ED6DCC65-2338-40DC-A213-F7C25E6F090E}"
EndProject
Project("{2150E333-8FDC-42A3-9474-1A3956D46DE8}") = "UnitTest", "UnitTest", "{8F415ACD-5212-463F-A507-E174207830AB}"
EndProject
Project("{FAE04EC0-301F-11D3-BF4B-00C04F79EFBC}") = "Utils", "Utils\Utils.csproj", "{DDE98E12-E15B-4062-970F-737DE7290A57}"
EndProject
Project("{FAE04EC0-301F-11D3-BF4B-00C04F79EFBC}") = "BFWeb", "BFWeb\BFWeb.csproj", "{68DC12FE-6678-43BA-A952-AC7185D09CE4}"
EndProject
Project("{FAE04EC0-301F-11D3-BF4B-00C04F79EFBC}") = "DALC", "DALC\DALC.csproj", "{0ADAA066-4AD0-481C-88D4-5EF08920C4E8}"
EndProject
Project("{FAE04EC0-301F-11D3-BF4B-00C04F79EFBC}") = "BFWS", "BFWS\BFWS.csproj", "{A30CC5C5-336D-471A-B656-F0F0E649EAE7}"
EndProject
Project("{2150E333-8FDC-42A3-9474-1A3956D46DE8}") = "API", "API", "{205142AC-1B3D-48DF-868D-E3E3889C555A}"
EndProject
Project("{FAE04EC0-301F-11D3-BF4B-00C04F79EFBC}") = "Web_API", "Web_API\Web_API.csproj", "{45120E22-0E0B-4B5C-A180-CBE6004A7349}"
EndProject
Project("{FAE04EC0-301F-11D3-BF4B-00C04F79EFBC}") = "MemberDataAccess", "MemberDataAccess\MemberDataAccess.csproj", "{59F83592-FED9-46F2-9AE7-D8BD1F6BB122}"
EndProject
Global
	GlobalSection(SolutionConfigurationPlatforms) = preSolution
		Debug|Any CPU = Debug|Any CPU
		Release|Any CPU = Release|Any CPU
	EndGlobalSection
	GlobalSection(ProjectConfigurationPlatforms) = postSolution
		{DDE98E12-E15B-4062-970F-737DE7290A57}.Debug|Any CPU.ActiveCfg = Debug|Any CPU
		{DDE98E12-E15B-4062-970F-737DE7290A57}.Debug|Any CPU.Build.0 = Debug|Any CPU
		{DDE98E12-E15B-4062-970F-737DE7290A57}.Release|Any CPU.ActiveCfg = Release|Any CPU
		{DDE98E12-E15B-4062-970F-737DE7290A57}.Release|Any CPU.Build.0 = Release|Any CPU
		{68DC12FE-6678-43BA-A952-AC7185D09CE4}.Debug|Any CPU.ActiveCfg = Debug|Any CPU
		{68DC12FE-6678-43BA-A952-AC7185D09CE4}.Debug|Any CPU.Build.0 = Debug|Any CPU
		{68DC12FE-6678-43BA-A952-AC7185D09CE4}.Release|Any CPU.ActiveCfg = Release|Any CPU
		{68DC12FE-6678-43BA-A952-AC7185D09CE4}.Release|Any CPU.Build.0 = Release|Any CPU
		{0ADAA066-4AD0-481C-88D4-5EF08920C4E8}.Debug|Any CPU.ActiveCfg = Debug|Any CPU
		{0ADAA066-4AD0-481C-88D4-5EF08920C4E8}.Debug|Any CPU.Build.0 = Debug|Any CPU
		{0ADAA066-4AD0-481C-88D4-5EF08920C4E8}.Release|Any CPU.ActiveCfg = Release|Any CPU
		{0ADAA066-4AD0-481C-88D4-5EF08920C4E8}.Release|Any CPU.Build.0 = Release|Any CPU
		{A30CC5C5-336D-471A-B656-F0F0E649EAE7}.Debug|Any CPU.ActiveCfg = Debug|Any CPU
		{A30CC5C5-336D-471A-B656-F0F0E649EAE7}.Debug|Any CPU.Build.0 = Debug|Any CPU
		{A30CC5C5-336D-471A-B656-F0F0E649EAE7}.Release|Any CPU.ActiveCfg = Release|Any CPU
		{A30CC5C5-336D-471A-B656-F0F0E649EAE7}.Release|Any CPU.Build.0 = Release|Any CPU
		{45120E22-0E0B-4B5C-A180-CBE6004A7349}.Debug|Any CPU.ActiveCfg = Debug|Any CPU
		{45120E22-0E0B-4B5C-A180-CBE6004A7349}.Debug|Any CPU.Build.0 = Debug|Any CPU
		{45120E22-0E0B-4B5C-A180-CBE6004A7349}.Release|Any CPU.ActiveCfg = Release|Any CPU
		{45120E22-0E0B-4B5C-A180-CBE6004A7349}.Release|Any CPU.Build.0 = Release|Any CPU
		{59F83592-FED9-46F2-9AE7-D8BD1F6BB122}.Debug|Any CPU.ActiveCfg = Debug|Any CPU
		{59F83592-FED9-46F2-9AE7-D8BD1F6BB122}.Debug|Any CPU.Build.0 = Debug|Any CPU
		{59F83592-FED9-46F2-9AE7-D8BD1F6BB122}.Release|Any CPU.ActiveCfg = Release|Any CPU
		{59F83592-FED9-46F2-9AE7-D8BD1F6BB122}.Release|Any CPU.Build.0 = Release|Any CPU
	EndGlobalSection
	GlobalSection(SolutionProperties) = preSolution
		HideSolutionNode = FALSE
	EndGlobalSection
	GlobalSection(NestedProjects) = preSolution
		{68DC12FE-6678-43BA-A952-AC7185D09CE4} = {B7BDDF07-C908-4D08-A8DB-CC7AC745F694}
		{0ADAA066-4AD0-481C-88D4-5EF08920C4E8} = {0D792EF8-F934-4566-BC07-9AE8E9980FCC}
		{A30CC5C5-336D-471A-B656-F0F0E649EAE7} = {0D792EF8-F934-4566-BC07-9AE8E9980FCC}
		{45120E22-0E0B-4B5C-A180-CBE6004A7349} = {205142AC-1B3D-48DF-868D-E3E3889C555A}
	EndGlobalSection
	GlobalSection(ExtensibilityGlobals) = postSolution
		SolutionGuid = {5326FE81-0FAB-4EA7-A9B2-3041B97B9454}
	EndGlobalSection
EndGlobal
