
Microsoft Visual Studio Solution File, Format Version 12.00
# Visual Studio 15
VisualStudioVersion = 15.0.28010.2036
MinimumVisualStudioVersion = 10.0.40219.1
Project("{FAE04EC0-301F-11D3-BF4B-00C04F79EFBC}") = "Authen", "Authen\Authen.csproj", "{5C963689-E728-486E-94B0-46956B8368DA}"
EndProject
Project("{FAE04EC0-301F-11D3-BF4B-00C04F79EFBC}") = "BusinessLayer", "BusinessLayer\BusinessLayer.csproj", "{77E8FB14-7AE1-4413-9394-EB17049110E9}"
EndProject
Global
	GlobalSection(SolutionConfigurationPlatforms) = preSolution
		Debug|Any CPU = Debug|Any CPU
		Release|Any CPU = Release|Any CPU
	EndGlobalSection
	GlobalSection(ProjectConfigurationPlatforms) = postSolution
		{5C963689-E728-486E-94B0-46956B8368DA}.Debug|Any CPU.ActiveCfg = Debug|Any CPU
		{5C963689-E728-486E-94B0-46956B8368DA}.Debug|Any CPU.Build.0 = Debug|Any CPU
		{5C963689-E728-486E-94B0-46956B8368DA}.Release|Any CPU.ActiveCfg = Release|Any CPU
		{5C963689-E728-486E-94B0-46956B8368DA}.Release|Any CPU.Build.0 = Release|Any CPU
		{77E8FB14-7AE1-4413-9394-EB17049110E9}.Debug|Any CPU.ActiveCfg = Debug|Any CPU
		{77E8FB14-7AE1-4413-9394-EB17049110E9}.Debug|Any CPU.Build.0 = Debug|Any CPU
		{77E8FB14-7AE1-4413-9394-EB17049110E9}.Release|Any CPU.ActiveCfg = Release|Any CPU
		{77E8FB14-7AE1-4413-9394-EB17049110E9}.Release|Any CPU.Build.0 = Release|Any CPU
	EndGlobalSection
	GlobalSection(SolutionProperties) = preSolution
		HideSolutionNode = FALSE
	EndGlobalSection
	GlobalSection(ExtensibilityGlobals) = postSolution
		SolutionGuid = {0E6A375D-ADFF-4C9D-9071-F3C9D2199F88}
	EndGlobalSection
EndGlobal
