
Microsoft Visual Studio Solution File, Format Version 12.00
# Visual Studio 15
VisualStudioVersion = 15.0.28010.2026
MinimumVisualStudioVersion = 10.0.40219.1
Project("{FAE04EC0-301F-11D3-BF4B-00C04F79EFBC}") = "WebAPI_Tutorial", "WebAPI_Tutorial\WebAPI_Tutorial.csproj", "{40F3AC69-9704-41F3-805C-1109DEAADB6F}"
EndProject
Project("{FAE04EC0-301F-11D3-BF4B-00C04F79EFBC}") = "EmployeeDataAccess", "EmployeeDataAccess\EmployeeDataAccess.csproj", "{02ECA07A-446D-461A-9D0B-32DD69E03B03}"
EndProject
Project("{FAE04EC0-301F-11D3-BF4B-00C04F79EFBC}") = "WebApplication1", "WebApplication1\WebApplication1.csproj", "{C6D00E38-AB22-45BE-9292-DFAB0373B661}"
EndProject
Global
	GlobalSection(SolutionConfigurationPlatforms) = preSolution
		Debug|Any CPU = Debug|Any CPU
		Release|Any CPU = Release|Any CPU
	EndGlobalSection
	GlobalSection(ProjectConfigurationPlatforms) = postSolution
		{40F3AC69-9704-41F3-805C-1109DEAADB6F}.Debug|Any CPU.ActiveCfg = Debug|Any CPU
		{40F3AC69-9704-41F3-805C-1109DEAADB6F}.Debug|Any CPU.Build.0 = Debug|Any CPU
		{40F3AC69-9704-41F3-805C-1109DEAADB6F}.Release|Any CPU.ActiveCfg = Release|Any CPU
		{40F3AC69-9704-41F3-805C-1109DEAADB6F}.Release|Any CPU.Build.0 = Release|Any CPU
		{02ECA07A-446D-461A-9D0B-32DD69E03B03}.Debug|Any CPU.ActiveCfg = Debug|Any CPU
		{02ECA07A-446D-461A-9D0B-32DD69E03B03}.Debug|Any CPU.Build.0 = Debug|Any CPU
		{02ECA07A-446D-461A-9D0B-32DD69E03B03}.Release|Any CPU.ActiveCfg = Release|Any CPU
		{02ECA07A-446D-461A-9D0B-32DD69E03B03}.Release|Any CPU.Build.0 = Release|Any CPU
		{C6D00E38-AB22-45BE-9292-DFAB0373B661}.Debug|Any CPU.ActiveCfg = Debug|Any CPU
		{C6D00E38-AB22-45BE-9292-DFAB0373B661}.Debug|Any CPU.Build.0 = Debug|Any CPU
		{C6D00E38-AB22-45BE-9292-DFAB0373B661}.Release|Any CPU.ActiveCfg = Release|Any CPU
		{C6D00E38-AB22-45BE-9292-DFAB0373B661}.Release|Any CPU.Build.0 = Release|Any CPU
	EndGlobalSection
	GlobalSection(SolutionProperties) = preSolution
		HideSolutionNode = FALSE
	EndGlobalSection
	GlobalSection(ExtensibilityGlobals) = postSolution
		SolutionGuid = {133A6CD0-A166-4D06-BBBF-2E2FCB9D6BA8}
	EndGlobalSection
EndGlobal
