
Microsoft Visual Studio Solution File, Format Version 12.00
# Visual Studio Version 16
VisualStudioVersion = 16.0.29409.12
MinimumVisualStudioVersion = 10.0.40219.1
Project("{FAE04EC0-301F-11D3-BF4B-00C04F79EFBC}") = "jQuery_Tutorial", "jQuery_Tutorial\jQuery_Tutorial.csproj", "{FED87D45-5529-4000-B79E-080FA6D7789B}"
EndProject
Project("{FAE04EC0-301F-11D3-BF4B-00C04F79EFBC}") = "jQuery_Website", "jQuery_Website\jQuery_Website.csproj", "{AEAAF491-34D4-4119-A656-F79F096A1887}"
EndProject
Global
	GlobalSection(SolutionConfigurationPlatforms) = preSolution
		Debug|Any CPU = Debug|Any CPU
		Release|Any CPU = Release|Any CPU
	EndGlobalSection
	GlobalSection(ProjectConfigurationPlatforms) = postSolution
		{FED87D45-5529-4000-B79E-080FA6D7789B}.Debug|Any CPU.ActiveCfg = Debug|Any CPU
		{FED87D45-5529-4000-B79E-080FA6D7789B}.Debug|Any CPU.Build.0 = Debug|Any CPU
		{FED87D45-5529-4000-B79E-080FA6D7789B}.Release|Any CPU.ActiveCfg = Release|Any CPU
		{FED87D45-5529-4000-B79E-080FA6D7789B}.Release|Any CPU.Build.0 = Release|Any CPU
		{AEAAF491-34D4-4119-A656-F79F096A1887}.Debug|Any CPU.ActiveCfg = Debug|Any CPU
		{AEAAF491-34D4-4119-A656-F79F096A1887}.Debug|Any CPU.Build.0 = Debug|Any CPU
		{AEAAF491-34D4-4119-A656-F79F096A1887}.Release|Any CPU.ActiveCfg = Release|Any CPU
		{AEAAF491-34D4-4119-A656-F79F096A1887}.Release|Any CPU.Build.0 = Release|Any CPU
	EndGlobalSection
	GlobalSection(SolutionProperties) = preSolution
		HideSolutionNode = FALSE
	EndGlobalSection
	GlobalSection(ExtensibilityGlobals) = postSolution
		SolutionGuid = {E439043B-1B5C-41A4-BEA0-4CE356761013}
	EndGlobalSection
EndGlobal
