
Microsoft Visual Studio Solution File, Format Version 12.00
# Visual Studio Version 16
VisualStudioVersion = 16.0.29613.14
MinimumVisualStudioVersion = 10.0.40219.1
Project("{888888A0-9F3D-457C-B088-3A5042F75D52}") = "Programming", "Programming\Programming.pyproj", "{986BAF86-ADB2-4F6A-A3BE-E9C2254F0337}"
EndProject
Global
	GlobalSection(SolutionConfigurationPlatforms) = preSolution
		Debug|Any CPU = Debug|Any CPU
		Release|Any CPU = Release|Any CPU
	EndGlobalSection
	GlobalSection(ProjectConfigurationPlatforms) = postSolution
		{986BAF86-ADB2-4F6A-A3BE-E9C2254F0337}.Debug|Any CPU.ActiveCfg = Debug|Any CPU
		{986BAF86-ADB2-4F6A-A3BE-E9C2254F0337}.Release|Any CPU.ActiveCfg = Release|Any CPU
	EndGlobalSection
	GlobalSection(SolutionProperties) = preSolution
		HideSolutionNode = FALSE
	EndGlobalSection
	GlobalSection(ExtensibilityGlobals) = postSolution
		SolutionGuid = {C1A49206-2171-419D-B247-3DCE311D26E7}
	EndGlobalSection
EndGlobal
