
Microsoft Visual Studio Solution File, Format Version 12.00
# Visual Studio 15
VisualStudioVersion = 15.0.27428.1
MinimumVisualStudioVersion = 10.0.40219.1
Project("{FAE04EC0-301F-11D3-BF4B-00C04F79EFBC}") = "MyProject", "MyProject\MyProject.csproj", "{AD798480-CD81-4DF6-84DB-DE160E2533CD}"
EndProject
Project("{FAE04EC0-301F-11D3-BF4B-00C04F79EFBC}") = "MyClassLibrary", "MyClassLibrary\MyClassLibrary.csproj", "{F36AD204-1A36-40EC-A582-4AD858B751A6}"
EndProject
Project("{FAE04EC0-301F-11D3-BF4B-00C04F79EFBC}") = "FirstProject", "FirstProject\FirstProject.csproj", "{0D722C15-8E60-44D7-A573-17C86D6BFB1B}"
EndProject
Global
	GlobalSection(SolutionConfigurationPlatforms) = preSolution
		Debug|Any CPU = Debug|Any CPU
		Release|Any CPU = Release|Any CPU
	EndGlobalSection
	GlobalSection(ProjectConfigurationPlatforms) = postSolution
		{AD798480-CD81-4DF6-84DB-DE160E2533CD}.Debug|Any CPU.ActiveCfg = Debug|Any CPU
		{AD798480-CD81-4DF6-84DB-DE160E2533CD}.Debug|Any CPU.Build.0 = Debug|Any CPU
		{AD798480-CD81-4DF6-84DB-DE160E2533CD}.Release|Any CPU.ActiveCfg = Release|Any CPU
		{AD798480-CD81-4DF6-84DB-DE160E2533CD}.Release|Any CPU.Build.0 = Release|Any CPU
		{F36AD204-1A36-40EC-A582-4AD858B751A6}.Debug|Any CPU.ActiveCfg = Debug|Any CPU
		{F36AD204-1A36-40EC-A582-4AD858B751A6}.Debug|Any CPU.Build.0 = Debug|Any CPU
		{F36AD204-1A36-40EC-A582-4AD858B751A6}.Release|Any CPU.ActiveCfg = Release|Any CPU
		{F36AD204-1A36-40EC-A582-4AD858B751A6}.Release|Any CPU.Build.0 = Release|Any CPU
		{0D722C15-8E60-44D7-A573-17C86D6BFB1B}.Debug|Any CPU.ActiveCfg = Debug|Any CPU
		{0D722C15-8E60-44D7-A573-17C86D6BFB1B}.Debug|Any CPU.Build.0 = Debug|Any CPU
		{0D722C15-8E60-44D7-A573-17C86D6BFB1B}.Release|Any CPU.ActiveCfg = Release|Any CPU
		{0D722C15-8E60-44D7-A573-17C86D6BFB1B}.Release|Any CPU.Build.0 = Release|Any CPU
	EndGlobalSection
	GlobalSection(SolutionProperties) = preSolution
		HideSolutionNode = FALSE
	EndGlobalSection
	GlobalSection(ExtensibilityGlobals) = postSolution
		SolutionGuid = {09CE8E32-AFE8-49A4-B264-818BC4770D65}
	EndGlobalSection
EndGlobal
