
Microsoft Visual Studio Solution File, Format Version 12.00
# Visual Studio Version 16
VisualStudioVersion = 16.0.30611.23
MinimumVisualStudioVersion = 10.0.40219.1
Project("{FAE04EC0-301F-11D3-BF4B-00C04F79EFBC}") = "DynamicWebApplication", "DynamicWebApplication\DynamicWebApplication.csproj", "{E0AEA17D-8502-4FD0-9270-C90CA757A5FF}"
EndProject
Project("{FAE04EC0-301F-11D3-BF4B-00C04F79EFBC}") = "ResponsiveWebPage", "ResponsiveWebPage\ResponsiveWebPage.csproj", "{577B06BA-2838-459D-9EFB-3A99FB37EEBD}"
EndProject
Global
	GlobalSection(SolutionConfigurationPlatforms) = preSolution
		Debug|Any CPU = Debug|Any CPU
		Release|Any CPU = Release|Any CPU
	EndGlobalSection
	GlobalSection(ProjectConfigurationPlatforms) = postSolution
		{E0AEA17D-8502-4FD0-9270-C90CA757A5FF}.Debug|Any CPU.ActiveCfg = Debug|Any CPU
		{E0AEA17D-8502-4FD0-9270-C90CA757A5FF}.Debug|Any CPU.Build.0 = Debug|Any CPU
		{E0AEA17D-8502-4FD0-9270-C90CA757A5FF}.Release|Any CPU.ActiveCfg = Release|Any CPU
		{E0AEA17D-8502-4FD0-9270-C90CA757A5FF}.Release|Any CPU.Build.0 = Release|Any CPU
		{577B06BA-2838-459D-9EFB-3A99FB37EEBD}.Debug|Any CPU.ActiveCfg = Debug|Any CPU
		{577B06BA-2838-459D-9EFB-3A99FB37EEBD}.Debug|Any CPU.Build.0 = Debug|Any CPU
		{577B06BA-2838-459D-9EFB-3A99FB37EEBD}.Release|Any CPU.ActiveCfg = Release|Any CPU
		{577B06BA-2838-459D-9EFB-3A99FB37EEBD}.Release|Any CPU.Build.0 = Release|Any CPU
	EndGlobalSection
	GlobalSection(SolutionProperties) = preSolution
		HideSolutionNode = FALSE
	EndGlobalSection
	GlobalSection(ExtensibilityGlobals) = postSolution
		SolutionGuid = {05BECDB4-A7E5-4ABA-A214-6B3D2FC233EA}
	EndGlobalSection
EndGlobal
