
Microsoft Visual Studio Solution File, Format Version 12.00
# Visual Studio 15
VisualStudioVersion = 15.0.28010.2036
MinimumVisualStudioVersion = 10.0.40219.1
Project("{FAE04EC0-301F-11D3-BF4B-00C04F79EFBC}") = "MVC_EntityFramework", "MVC_EntityFramework\MVC_EntityFramework.csproj", "{B61CFC83-68CE-4F19-8745-F4015780A6AA}"
EndProject
Global
	GlobalSection(SolutionConfigurationPlatforms) = preSolution
		Debug|Any CPU = Debug|Any CPU
		Release|Any CPU = Release|Any CPU
	EndGlobalSection
	GlobalSection(ProjectConfigurationPlatforms) = postSolution
		{B61CFC83-68CE-4F19-8745-F4015780A6AA}.Debug|Any CPU.ActiveCfg = Debug|Any CPU
		{B61CFC83-68CE-4F19-8745-F4015780A6AA}.Debug|Any CPU.Build.0 = Debug|Any CPU
		{B61CFC83-68CE-4F19-8745-F4015780A6AA}.Release|Any CPU.ActiveCfg = Release|Any CPU
		{B61CFC83-68CE-4F19-8745-F4015780A6AA}.Release|Any CPU.Build.0 = Release|Any CPU
	EndGlobalSection
	GlobalSection(SolutionProperties) = preSolution
		HideSolutionNode = FALSE
	EndGlobalSection
	GlobalSection(ExtensibilityGlobals) = postSolution
		SolutionGuid = {8E2629D6-B60E-499A-94BA-A8DB044E72DE}
	EndGlobalSection
EndGlobal
