
Microsoft Visual Studio Solution File, Format Version 12.00
# Visual Studio 15
VisualStudioVersion = 15.0.28307.271
MinimumVisualStudioVersion = 10.0.40219.1
Project("{FAE04EC0-301F-11D3-BF4B-00C04F79EFBC}") = "QRCodeGenerator_AudioVideoImage", "QRCodeGenerator_AudioVideoImage\QRCodeGenerator_AudioVideoImage.csproj", "{4A6392F9-91F0-48AF-B423-A82EBE0B203F}"
EndProject
Global
	GlobalSection(SolutionConfigurationPlatforms) = preSolution
		Debug|Any CPU = Debug|Any CPU
		Release|Any CPU = Release|Any CPU
	EndGlobalSection
	GlobalSection(ProjectConfigurationPlatforms) = postSolution
		{4A6392F9-91F0-48AF-B423-A82EBE0B203F}.Debug|Any CPU.ActiveCfg = Debug|Any CPU
		{4A6392F9-91F0-48AF-B423-A82EBE0B203F}.Debug|Any CPU.Build.0 = Debug|Any CPU
		{4A6392F9-91F0-48AF-B423-A82EBE0B203F}.Release|Any CPU.ActiveCfg = Release|Any CPU
		{4A6392F9-91F0-48AF-B423-A82EBE0B203F}.Release|Any CPU.Build.0 = Release|Any CPU
	EndGlobalSection
	GlobalSection(SolutionProperties) = preSolution
		HideSolutionNode = FALSE
	EndGlobalSection
	GlobalSection(ExtensibilityGlobals) = postSolution
		SolutionGuid = {3ACAB142-8990-4A1C-901B-C6E67452079B}
	EndGlobalSection
EndGlobal
