
Microsoft Visual Studio Solution File, Format Version 12.00
# Visual Studio 15
VisualStudioVersion = 15.0.28010.2036
MinimumVisualStudioVersion = 10.0.40219.1
Project("{FAE04EC0-301F-11D3-BF4B-00C04F79EFBC}") = "AuthenticationBasedProject_API", "AuthenticationBasedProject_API\AuthenticationBasedProject_API.csproj", "{BC429B33-5928-4F03-9983-D398C6833A57}"
EndProject
Project("{FAE04EC0-301F-11D3-BF4B-00C04F79EFBC}") = "BusinessLayer", "BusinessLayer\BusinessLayer.csproj", "{6ADD53EA-95F7-4733-A106-D3AABB79A264}"
EndProject
Global
	GlobalSection(SolutionConfigurationPlatforms) = preSolution
		Debug|Any CPU = Debug|Any CPU
		Release|Any CPU = Release|Any CPU
	EndGlobalSection
	GlobalSection(ProjectConfigurationPlatforms) = postSolution
		{BC429B33-5928-4F03-9983-D398C6833A57}.Debug|Any CPU.ActiveCfg = Debug|Any CPU
		{BC429B33-5928-4F03-9983-D398C6833A57}.Debug|Any CPU.Build.0 = Debug|Any CPU
		{BC429B33-5928-4F03-9983-D398C6833A57}.Release|Any CPU.ActiveCfg = Release|Any CPU
		{BC429B33-5928-4F03-9983-D398C6833A57}.Release|Any CPU.Build.0 = Release|Any CPU
		{6ADD53EA-95F7-4733-A106-D3AABB79A264}.Debug|Any CPU.ActiveCfg = Debug|Any CPU
		{6ADD53EA-95F7-4733-A106-D3AABB79A264}.Debug|Any CPU.Build.0 = Debug|Any CPU
		{6ADD53EA-95F7-4733-A106-D3AABB79A264}.Release|Any CPU.ActiveCfg = Release|Any CPU
		{6ADD53EA-95F7-4733-A106-D3AABB79A264}.Release|Any CPU.Build.0 = Release|Any CPU
	EndGlobalSection
	GlobalSection(SolutionProperties) = preSolution
		HideSolutionNode = FALSE
	EndGlobalSection
	GlobalSection(ExtensibilityGlobals) = postSolution
		SolutionGuid = {8D5F4FAF-7A20-459D-A63E-1D66CD515F10}
	EndGlobalSection
EndGlobal
