
Microsoft Visual Studio Solution File, Format Version 12.00
# Visual Studio Version 16
VisualStudioVersion = 16.0.29403.142
MinimumVisualStudioVersion = 10.0.40219.1
Project("{FAE04EC0-301F-11D3-BF4B-00C04F79EFBC}") = "LoginPageDemo", "LoginPageDemo\LoginPageDemo.csproj", "{9B965E9A-7013-47E3-8A13-A21F4DFD15B8}"
EndProject
Global
	GlobalSection(SolutionConfigurationPlatforms) = preSolution
		Debug|Any CPU = Debug|Any CPU
		Release|Any CPU = Release|Any CPU
	EndGlobalSection
	GlobalSection(ProjectConfigurationPlatforms) = postSolution
		{9B965E9A-7013-47E3-8A13-A21F4DFD15B8}.Debug|Any CPU.ActiveCfg = Debug|Any CPU
		{9B965E9A-7013-47E3-8A13-A21F4DFD15B8}.Debug|Any CPU.Build.0 = Debug|Any CPU
		{9B965E9A-7013-47E3-8A13-A21F4DFD15B8}.Release|Any CPU.ActiveCfg = Release|Any CPU
		{9B965E9A-7013-47E3-8A13-A21F4DFD15B8}.Release|Any CPU.Build.0 = Release|Any CPU
	EndGlobalSection
	GlobalSection(SolutionProperties) = preSolution
		HideSolutionNode = FALSE
	EndGlobalSection
	GlobalSection(ExtensibilityGlobals) = postSolution
		SolutionGuid = {1A21092B-8155-4032-80C6-0E22520D9174}
	EndGlobalSection
EndGlobal
