
Microsoft Visual Studio Solution File, Format Version 12.00
# Visual Studio Version 16
VisualStudioVersion = 16.0.30611.23
MinimumVisualStudioVersion = 10.0.40219.1
Project("{FAE04EC0-301F-11D3-BF4B-00C04F79EFBC}") = "AutoCompleteTextbox", "AutoCompleteTextbox\AutoCompleteTextbox.csproj", "{07AA7955-2D77-45DD-A7F9-2062FA9B0034}"
EndProject
Global
	GlobalSection(SolutionConfigurationPlatforms) = preSolution
		Debug|Any CPU = Debug|Any CPU
		Release|Any CPU = Release|Any CPU
	EndGlobalSection
	GlobalSection(ProjectConfigurationPlatforms) = postSolution
		{07AA7955-2D77-45DD-A7F9-2062FA9B0034}.Debug|Any CPU.ActiveCfg = Debug|Any CPU
		{07AA7955-2D77-45DD-A7F9-2062FA9B0034}.Debug|Any CPU.Build.0 = Debug|Any CPU
		{07AA7955-2D77-45DD-A7F9-2062FA9B0034}.Release|Any CPU.ActiveCfg = Release|Any CPU
		{07AA7955-2D77-45DD-A7F9-2062FA9B0034}.Release|Any CPU.Build.0 = Release|Any CPU
	EndGlobalSection
	GlobalSection(SolutionProperties) = preSolution
		HideSolutionNode = FALSE
	EndGlobalSection
	GlobalSection(ExtensibilityGlobals) = postSolution
		SolutionGuid = {49AB79E0-9996-46F1-A48A-9E7DBCBBB872}
	EndGlobalSection
EndGlobal
